
Microsoft Visual Studio Solution File, Format Version 12.00
# Visual Studio Version 16
VisualStudioVersion = 16.0.31005.135
MinimumVisualStudioVersion = 10.0.40219.1
Project("{FAE04EC0-301F-11D3-BF4B-00C04F79EFBC}") = "UserMaintenance", "UserMaintenance\UserMaintenance.csproj", "{1C8DFF3F-8B8D-4434-A095-FB3A7B93520F}"
EndProject
Project("{FAE04EC0-301F-11D3-BF4B-00C04F79EFBC}") = "IRFhét4", "IRFhét4\IRFhét4.csproj", "{4A1E00B3-2743-480E-9EBE-C7D4F37BFF02}"
EndProject
Project("{FAE04EC0-301F-11D3-BF4B-00C04F79EFBC}") = "IrfHét6", "IrfHét6\IrfHét6.csproj", "{F1AE83DE-8058-4051-BBA5-72FEA2D57F17}"
EndProject
Project("{FAE04EC0-301F-11D3-BF4B-00C04F79EFBC}") = "IrfHét7", "IrfHét7\IrfHét7.csproj", "{440EF5E5-76FE-42C9-BACA-FAF7BD64D175}"
EndProject
Project("{FAE04EC0-301F-11D3-BF4B-00C04F79EFBC}") = "IrfHét8", "IrfHét8\IrfHét8.csproj", "{F70DC049-EC85-44BE-BC06-0B3ABE5DC8C4}"
EndProject
Global
	GlobalSection(SolutionConfigurationPlatforms) = preSolution
		Debug|Any CPU = Debug|Any CPU
		Release|Any CPU = Release|Any CPU
	EndGlobalSection
	GlobalSection(ProjectConfigurationPlatforms) = postSolution
		{1C8DFF3F-8B8D-4434-A095-FB3A7B93520F}.Debug|Any CPU.ActiveCfg = Debug|Any CPU
		{1C8DFF3F-8B8D-4434-A095-FB3A7B93520F}.Debug|Any CPU.Build.0 = Debug|Any CPU
		{1C8DFF3F-8B8D-4434-A095-FB3A7B93520F}.Release|Any CPU.ActiveCfg = Release|Any CPU
		{1C8DFF3F-8B8D-4434-A095-FB3A7B93520F}.Release|Any CPU.Build.0 = Release|Any CPU
		{4A1E00B3-2743-480E-9EBE-C7D4F37BFF02}.Debug|Any CPU.ActiveCfg = Debug|Any CPU
		{4A1E00B3-2743-480E-9EBE-C7D4F37BFF02}.Debug|Any CPU.Build.0 = Debug|Any CPU
		{4A1E00B3-2743-480E-9EBE-C7D4F37BFF02}.Release|Any CPU.ActiveCfg = Release|Any CPU
		{4A1E00B3-2743-480E-9EBE-C7D4F37BFF02}.Release|Any CPU.Build.0 = Release|Any CPU
		{F1AE83DE-8058-4051-BBA5-72FEA2D57F17}.Debug|Any CPU.ActiveCfg = Debug|Any CPU
		{F1AE83DE-8058-4051-BBA5-72FEA2D57F17}.Debug|Any CPU.Build.0 = Debug|Any CPU
		{F1AE83DE-8058-4051-BBA5-72FEA2D57F17}.Release|Any CPU.ActiveCfg = Release|Any CPU
		{F1AE83DE-8058-4051-BBA5-72FEA2D57F17}.Release|Any CPU.Build.0 = Release|Any CPU
		{440EF5E5-76FE-42C9-BACA-FAF7BD64D175}.Debug|Any CPU.ActiveCfg = Debug|Any CPU
		{440EF5E5-76FE-42C9-BACA-FAF7BD64D175}.Debug|Any CPU.Build.0 = Debug|Any CPU
		{440EF5E5-76FE-42C9-BACA-FAF7BD64D175}.Release|Any CPU.ActiveCfg = Release|Any CPU
		{440EF5E5-76FE-42C9-BACA-FAF7BD64D175}.Release|Any CPU.Build.0 = Release|Any CPU
		{F70DC049-EC85-44BE-BC06-0B3ABE5DC8C4}.Debug|Any CPU.ActiveCfg = Debug|Any CPU
		{F70DC049-EC85-44BE-BC06-0B3ABE5DC8C4}.Debug|Any CPU.Build.0 = Debug|Any CPU
		{F70DC049-EC85-44BE-BC06-0B3ABE5DC8C4}.Release|Any CPU.ActiveCfg = Release|Any CPU
		{F70DC049-EC85-44BE-BC06-0B3ABE5DC8C4}.Release|Any CPU.Build.0 = Release|Any CPU
	EndGlobalSection
	GlobalSection(SolutionProperties) = preSolution
		HideSolutionNode = FALSE
	EndGlobalSection
	GlobalSection(ExtensibilityGlobals) = postSolution
		SolutionGuid = {A08D578F-3EDB-4A42-A140-97FF031D079B}
	EndGlobalSection
EndGlobal
