
Microsoft Visual Studio Solution File, Format Version 12.00
# Visual Studio Version 16
VisualStudioVersion = 16.0.31005.135
MinimumVisualStudioVersion = 10.0.40219.1
Project("{FAE04EC0-301F-11D3-BF4B-00C04F79EFBC}") = "UserMaintenance", "UserMaintenance\UserMaintenance.csproj", "{1C8DFF3F-8B8D-4434-A095-FB3A7B93520F}"
EndProject
Project("{FAE04EC0-301F-11D3-BF4B-00C04F79EFBC}") = "IRFhét4", "IRFhét4\IRFhét4.csproj", "{4A1E00B3-2743-480E-9EBE-C7D4F37BFF02}"
EndProject
Global
	GlobalSection(SolutionConfigurationPlatforms) = preSolution
		Debug|Any CPU = Debug|Any CPU
		Release|Any CPU = Release|Any CPU
	EndGlobalSection
	GlobalSection(ProjectConfigurationPlatforms) = postSolution
		{1C8DFF3F-8B8D-4434-A095-FB3A7B93520F}.Debug|Any CPU.ActiveCfg = Debug|Any CPU
		{1C8DFF3F-8B8D-4434-A095-FB3A7B93520F}.Debug|Any CPU.Build.0 = Debug|Any CPU
		{1C8DFF3F-8B8D-4434-A095-FB3A7B93520F}.Release|Any CPU.ActiveCfg = Release|Any CPU
		{1C8DFF3F-8B8D-4434-A095-FB3A7B93520F}.Release|Any CPU.Build.0 = Release|Any CPU
		{4A1E00B3-2743-480E-9EBE-C7D4F37BFF02}.Debug|Any CPU.ActiveCfg = Debug|Any CPU
		{4A1E00B3-2743-480E-9EBE-C7D4F37BFF02}.Debug|Any CPU.Build.0 = Debug|Any CPU
		{4A1E00B3-2743-480E-9EBE-C7D4F37BFF02}.Release|Any CPU.ActiveCfg = Release|Any CPU
		{4A1E00B3-2743-480E-9EBE-C7D4F37BFF02}.Release|Any CPU.Build.0 = Release|Any CPU
	EndGlobalSection
	GlobalSection(SolutionProperties) = preSolution
		HideSolutionNode = FALSE
	EndGlobalSection
	GlobalSection(ExtensibilityGlobals) = postSolution
		SolutionGuid = {A08D578F-3EDB-4A42-A140-97FF031D079B}
	EndGlobalSection
EndGlobal
